
Microsoft Visual Studio Solution File, Format Version 12.00
# Visual Studio 15
VisualStudioVersion = 15.0.28307.539
MinimumVisualStudioVersion = 10.0.40219.1
Project("{FAE04EC0-301F-11D3-BF4B-00C04F79EFBC}") = "testApp.Android", "TestApplicate\TestApplicate.Android\testApp.Android.csproj", "{C1EBE952-3244-4911-B42E-A41BF85ED7DA}"
EndProject
Project("{FAE04EC0-301F-11D3-BF4B-00C04F79EFBC}") = "testApp.iOS", "TestApplicate\TestApplicate.iOS\testApp.iOS.csproj", "{56D713D4-40BD-41D3-ABBA-F9A5ED856680}"
EndProject
Project("{9A19103F-16F7-4668-BE54-9A1E7A4F7556}") = "testApp", "TestApplicate\TestApplicate\testApp.csproj", "{D54A43DA-A358-43F3-96E0-7D24EEEE86EE}"
EndProject
Global
	GlobalSection(SolutionConfigurationPlatforms) = preSolution
		Ad-Hoc|Any CPU = Ad-Hoc|Any CPU
		Ad-Hoc|iPhone = Ad-Hoc|iPhone
		Ad-Hoc|iPhoneSimulator = Ad-Hoc|iPhoneSimulator
		AppStore|Any CPU = AppStore|Any CPU
		AppStore|iPhone = AppStore|iPhone
		AppStore|iPhoneSimulator = AppStore|iPhoneSimulator
		Debug|Any CPU = Debug|Any CPU
		Debug|iPhone = Debug|iPhone
		Debug|iPhoneSimulator = Debug|iPhoneSimulator
		Release|Any CPU = Release|Any CPU
		Release|iPhone = Release|iPhone
		Release|iPhoneSimulator = Release|iPhoneSimulator
	EndGlobalSection
	GlobalSection(ProjectConfigurationPlatforms) = postSolution
		{C1EBE952-3244-4911-B42E-A41BF85ED7DA}.Ad-Hoc|Any CPU.ActiveCfg = Release|Any CPU
		{C1EBE952-3244-4911-B42E-A41BF85ED7DA}.Ad-Hoc|Any CPU.Build.0 = Release|Any CPU
		{C1EBE952-3244-4911-B42E-A41BF85ED7DA}.Ad-Hoc|Any CPU.Deploy.0 = Release|Any CPU
		{C1EBE952-3244-4911-B42E-A41BF85ED7DA}.Ad-Hoc|iPhone.ActiveCfg = Release|Any CPU
		{C1EBE952-3244-4911-B42E-A41BF85ED7DA}.Ad-Hoc|iPhone.Build.0 = Release|Any CPU
		{C1EBE952-3244-4911-B42E-A41BF85ED7DA}.Ad-Hoc|iPhone.Deploy.0 = Release|Any CPU
		{C1EBE952-3244-4911-B42E-A41BF85ED7DA}.Ad-Hoc|iPhoneSimulator.ActiveCfg = Release|Any CPU
		{C1EBE952-3244-4911-B42E-A41BF85ED7DA}.Ad-Hoc|iPhoneSimulator.Build.0 = Release|Any CPU
		{C1EBE952-3244-4911-B42E-A41BF85ED7DA}.Ad-Hoc|iPhoneSimulator.Deploy.0 = Release|Any CPU
		{C1EBE952-3244-4911-B42E-A41BF85ED7DA}.AppStore|Any CPU.ActiveCfg = Release|Any CPU
		{C1EBE952-3244-4911-B42E-A41BF85ED7DA}.AppStore|Any CPU.Build.0 = Release|Any CPU
		{C1EBE952-3244-4911-B42E-A41BF85ED7DA}.AppStore|Any CPU.Deploy.0 = Release|Any CPU
		{C1EBE952-3244-4911-B42E-A41BF85ED7DA}.AppStore|iPhone.ActiveCfg = Release|Any CPU
		{C1EBE952-3244-4911-B42E-A41BF85ED7DA}.AppStore|iPhone.Build.0 = Release|Any CPU
		{C1EBE952-3244-4911-B42E-A41BF85ED7DA}.AppStore|iPhone.Deploy.0 = Release|Any CPU
		{C1EBE952-3244-4911-B42E-A41BF85ED7DA}.AppStore|iPhoneSimulator.ActiveCfg = Release|Any CPU
		{C1EBE952-3244-4911-B42E-A41BF85ED7DA}.AppStore|iPhoneSimulator.Build.0 = Release|Any CPU
		{C1EBE952-3244-4911-B42E-A41BF85ED7DA}.AppStore|iPhoneSimulator.Deploy.0 = Release|Any CPU
		{C1EBE952-3244-4911-B42E-A41BF85ED7DA}.Debug|Any CPU.ActiveCfg = Debug|Any CPU
		{C1EBE952-3244-4911-B42E-A41BF85ED7DA}.Debug|Any CPU.Build.0 = Debug|Any CPU
		{C1EBE952-3244-4911-B42E-A41BF85ED7DA}.Debug|Any CPU.Deploy.0 = Debug|Any CPU
		{C1EBE952-3244-4911-B42E-A41BF85ED7DA}.Debug|iPhone.ActiveCfg = Debug|Any CPU
		{C1EBE952-3244-4911-B42E-A41BF85ED7DA}.Debug|iPhone.Build.0 = Debug|Any CPU
		{C1EBE952-3244-4911-B42E-A41BF85ED7DA}.Debug|iPhone.Deploy.0 = Debug|Any CPU
		{C1EBE952-3244-4911-B42E-A41BF85ED7DA}.Debug|iPhoneSimulator.ActiveCfg = Debug|Any CPU
		{C1EBE952-3244-4911-B42E-A41BF85ED7DA}.Debug|iPhoneSimulator.Build.0 = Debug|Any CPU
		{C1EBE952-3244-4911-B42E-A41BF85ED7DA}.Debug|iPhoneSimulator.Deploy.0 = Debug|Any CPU
		{C1EBE952-3244-4911-B42E-A41BF85ED7DA}.Release|Any CPU.ActiveCfg = Release|Any CPU
		{C1EBE952-3244-4911-B42E-A41BF85ED7DA}.Release|Any CPU.Build.0 = Release|Any CPU
		{C1EBE952-3244-4911-B42E-A41BF85ED7DA}.Release|Any CPU.Deploy.0 = Release|Any CPU
		{C1EBE952-3244-4911-B42E-A41BF85ED7DA}.Release|iPhone.ActiveCfg = Release|Any CPU
		{C1EBE952-3244-4911-B42E-A41BF85ED7DA}.Release|iPhone.Build.0 = Release|Any CPU
		{C1EBE952-3244-4911-B42E-A41BF85ED7DA}.Release|iPhone.Deploy.0 = Release|Any CPU
		{C1EBE952-3244-4911-B42E-A41BF85ED7DA}.Release|iPhoneSimulator.ActiveCfg = Release|Any CPU
		{C1EBE952-3244-4911-B42E-A41BF85ED7DA}.Release|iPhoneSimulator.Build.0 = Release|Any CPU
		{C1EBE952-3244-4911-B42E-A41BF85ED7DA}.Release|iPhoneSimulator.Deploy.0 = Release|Any CPU
		{56D713D4-40BD-41D3-ABBA-F9A5ED856680}.Ad-Hoc|Any CPU.ActiveCfg = Ad-Hoc|iPhone
		{56D713D4-40BD-41D3-ABBA-F9A5ED856680}.Ad-Hoc|Any CPU.Build.0 = Ad-Hoc|iPhone
		{56D713D4-40BD-41D3-ABBA-F9A5ED856680}.Ad-Hoc|Any CPU.Deploy.0 = Ad-Hoc|iPhone
		{56D713D4-40BD-41D3-ABBA-F9A5ED856680}.Ad-Hoc|iPhone.ActiveCfg = Ad-Hoc|iPhone
		{56D713D4-40BD-41D3-ABBA-F9A5ED856680}.Ad-Hoc|iPhone.Build.0 = Ad-Hoc|iPhone
		{56D713D4-40BD-41D3-ABBA-F9A5ED856680}.Ad-Hoc|iPhone.Deploy.0 = Ad-Hoc|iPhone
		{56D713D4-40BD-41D3-ABBA-F9A5ED856680}.Ad-Hoc|iPhoneSimulator.ActiveCfg = Ad-Hoc|iPhoneSimulator
		{56D713D4-40BD-41D3-ABBA-F9A5ED856680}.Ad-Hoc|iPhoneSimulator.Build.0 = Ad-Hoc|iPhoneSimulator
		{56D713D4-40BD-41D3-ABBA-F9A5ED856680}.Ad-Hoc|iPhoneSimulator.Deploy.0 = Ad-Hoc|iPhoneSimulator
		{56D713D4-40BD-41D3-ABBA-F9A5ED856680}.AppStore|Any CPU.ActiveCfg = AppStore|iPhone
		{56D713D4-40BD-41D3-ABBA-F9A5ED856680}.AppStore|Any CPU.Build.0 = AppStore|iPhone
		{56D713D4-40BD-41D3-ABBA-F9A5ED856680}.AppStore|Any CPU.Deploy.0 = AppStore|iPhone
		{56D713D4-40BD-41D3-ABBA-F9A5ED856680}.AppStore|iPhone.ActiveCfg = AppStore|iPhone
		{56D713D4-40BD-41D3-ABBA-F9A5ED856680}.AppStore|iPhone.Build.0 = AppStore|iPhone
		{56D713D4-40BD-41D3-ABBA-F9A5ED856680}.AppStore|iPhone.Deploy.0 = AppStore|iPhone
		{56D713D4-40BD-41D3-ABBA-F9A5ED856680}.AppStore|iPhoneSimulator.ActiveCfg = AppStore|iPhoneSimulator
		{56D713D4-40BD-41D3-ABBA-F9A5ED856680}.AppStore|iPhoneSimulator.Build.0 = AppStore|iPhoneSimulator
		{56D713D4-40BD-41D3-ABBA-F9A5ED856680}.AppStore|iPhoneSimulator.Deploy.0 = AppStore|iPhoneSimulator
		{56D713D4-40BD-41D3-ABBA-F9A5ED856680}.Debug|Any CPU.ActiveCfg = Debug|iPhoneSimulator
		{56D713D4-40BD-41D3-ABBA-F9A5ED856680}.Debug|Any CPU.Build.0 = Debug|iPhoneSimulator
		{56D713D4-40BD-41D3-ABBA-F9A5ED856680}.Debug|Any CPU.Deploy.0 = Debug|iPhoneSimulator
		{56D713D4-40BD-41D3-ABBA-F9A5ED856680}.Debug|iPhone.ActiveCfg = Debug|iPhone
		{56D713D4-40BD-41D3-ABBA-F9A5ED856680}.Debug|iPhone.Build.0 = Debug|iPhone
		{56D713D4-40BD-41D3-ABBA-F9A5ED856680}.Debug|iPhone.Deploy.0 = Debug|iPhone
		{56D713D4-40BD-41D3-ABBA-F9A5ED856680}.Debug|iPhoneSimulator.ActiveCfg = Debug|iPhoneSimulator
		{56D713D4-40BD-41D3-ABBA-F9A5ED856680}.Debug|iPhoneSimulator.Build.0 = Debug|iPhoneSimulator
		{56D713D4-40BD-41D3-ABBA-F9A5ED856680}.Debug|iPhoneSimulator.Deploy.0 = Debug|iPhoneSimulator
		{56D713D4-40BD-41D3-ABBA-F9A5ED856680}.Release|Any CPU.ActiveCfg = Release|iPhone
		{56D713D4-40BD-41D3-ABBA-F9A5ED856680}.Release|Any CPU.Build.0 = Release|iPhone
		{56D713D4-40BD-41D3-ABBA-F9A5ED856680}.Release|Any CPU.Deploy.0 = Release|iPhone
		{56D713D4-40BD-41D3-ABBA-F9A5ED856680}.Release|iPhone.ActiveCfg = Release|iPhone
		{56D713D4-40BD-41D3-ABBA-F9A5ED856680}.Release|iPhone.Build.0 = Release|iPhone
		{56D713D4-40BD-41D3-ABBA-F9A5ED856680}.Release|iPhone.Deploy.0 = Release|iPhone
		{56D713D4-40BD-41D3-ABBA-F9A5ED856680}.Release|iPhoneSimulator.ActiveCfg = Release|iPhoneSimulator
		{56D713D4-40BD-41D3-ABBA-F9A5ED856680}.Release|iPhoneSimulator.Build.0 = Release|iPhoneSimulator
		{56D713D4-40BD-41D3-ABBA-F9A5ED856680}.Release|iPhoneSimulator.Deploy.0 = Release|iPhoneSimulator
		{D54A43DA-A358-43F3-96E0-7D24EEEE86EE}.Ad-Hoc|Any CPU.ActiveCfg = Debug|Any CPU
		{D54A43DA-A358-43F3-96E0-7D24EEEE86EE}.Ad-Hoc|Any CPU.Build.0 = Debug|Any CPU
		{D54A43DA-A358-43F3-96E0-7D24EEEE86EE}.Ad-Hoc|Any CPU.Deploy.0 = Debug|Any CPU
		{D54A43DA-A358-43F3-96E0-7D24EEEE86EE}.Ad-Hoc|iPhone.ActiveCfg = Debug|Any CPU
		{D54A43DA-A358-43F3-96E0-7D24EEEE86EE}.Ad-Hoc|iPhone.Build.0 = Debug|Any CPU
		{D54A43DA-A358-43F3-96E0-7D24EEEE86EE}.Ad-Hoc|iPhone.Deploy.0 = Debug|Any CPU
		{D54A43DA-A358-43F3-96E0-7D24EEEE86EE}.Ad-Hoc|iPhoneSimulator.ActiveCfg = Debug|Any CPU
		{D54A43DA-A358-43F3-96E0-7D24EEEE86EE}.Ad-Hoc|iPhoneSimulator.Build.0 = Debug|Any CPU
		{D54A43DA-A358-43F3-96E0-7D24EEEE86EE}.Ad-Hoc|iPhoneSimulator.Deploy.0 = Debug|Any CPU
		{D54A43DA-A358-43F3-96E0-7D24EEEE86EE}.AppStore|Any CPU.ActiveCfg = Debug|Any CPU
		{D54A43DA-A358-43F3-96E0-7D24EEEE86EE}.AppStore|Any CPU.Build.0 = Debug|Any CPU
		{D54A43DA-A358-43F3-96E0-7D24EEEE86EE}.AppStore|Any CPU.Deploy.0 = Debug|Any CPU
		{D54A43DA-A358-43F3-96E0-7D24EEEE86EE}.AppStore|iPhone.ActiveCfg = Debug|Any CPU
		{D54A43DA-A358-43F3-96E0-7D24EEEE86EE}.AppStore|iPhone.Build.0 = Debug|Any CPU
		{D54A43DA-A358-43F3-96E0-7D24EEEE86EE}.AppStore|iPhone.Deploy.0 = Debug|Any CPU
		{D54A43DA-A358-43F3-96E0-7D24EEEE86EE}.AppStore|iPhoneSimulator.ActiveCfg = Debug|Any CPU
		{D54A43DA-A358-43F3-96E0-7D24EEEE86EE}.AppStore|iPhoneSimulator.Build.0 = Debug|Any CPU
		{D54A43DA-A358-43F3-96E0-7D24EEEE86EE}.AppStore|iPhoneSimulator.Deploy.0 = Debug|Any CPU
		{D54A43DA-A358-43F3-96E0-7D24EEEE86EE}.Debug|Any CPU.ActiveCfg = Debug|Any CPU
		{D54A43DA-A358-43F3-96E0-7D24EEEE86EE}.Debug|Any CPU.Build.0 = Debug|Any CPU
		{D54A43DA-A358-43F3-96E0-7D24EEEE86EE}.Debug|Any CPU.Deploy.0 = Debug|Any CPU
		{D54A43DA-A358-43F3-96E0-7D24EEEE86EE}.Debug|iPhone.ActiveCfg = Debug|Any CPU
		{D54A43DA-A358-43F3-96E0-7D24EEEE86EE}.Debug|iPhone.Build.0 = Debug|Any CPU
		{D54A43DA-A358-43F3-96E0-7D24EEEE86EE}.Debug|iPhone.Deploy.0 = Debug|Any CPU
		{D54A43DA-A358-43F3-96E0-7D24EEEE86EE}.Debug|iPhoneSimulator.ActiveCfg = Debug|Any CPU
		{D54A43DA-A358-43F3-96E0-7D24EEEE86EE}.Debug|iPhoneSimulator.Build.0 = Debug|Any CPU
		{D54A43DA-A358-43F3-96E0-7D24EEEE86EE}.Debug|iPhoneSimulator.Deploy.0 = Debug|Any CPU
		{D54A43DA-A358-43F3-96E0-7D24EEEE86EE}.Release|Any CPU.ActiveCfg = Release|Any CPU
		{D54A43DA-A358-43F3-96E0-7D24EEEE86EE}.Release|Any CPU.Build.0 = Release|Any CPU
		{D54A43DA-A358-43F3-96E0-7D24EEEE86EE}.Release|Any CPU.Deploy.0 = Release|Any CPU
		{D54A43DA-A358-43F3-96E0-7D24EEEE86EE}.Release|iPhone.ActiveCfg = Release|Any CPU
		{D54A43DA-A358-43F3-96E0-7D24EEEE86EE}.Release|iPhone.Build.0 = Release|Any CPU
		{D54A43DA-A358-43F3-96E0-7D24EEEE86EE}.Release|iPhone.Deploy.0 = Release|Any CPU
		{D54A43DA-A358-43F3-96E0-7D24EEEE86EE}.Release|iPhoneSimulator.ActiveCfg = Release|Any CPU
		{D54A43DA-A358-43F3-96E0-7D24EEEE86EE}.Release|iPhoneSimulator.Build.0 = Release|Any CPU
		{D54A43DA-A358-43F3-96E0-7D24EEEE86EE}.Release|iPhoneSimulator.Deploy.0 = Release|Any CPU
	EndGlobalSection
	GlobalSection(SolutionProperties) = preSolution
		HideSolutionNode = FALSE
	EndGlobalSection
	GlobalSection(ExtensibilityGlobals) = postSolution
		SolutionGuid = {7363B03B-B1D2-4498-9D38-BB42198B6662}
	EndGlobalSection
EndGlobal
