
Microsoft Visual Studio Solution File, Format Version 12.00
# Visual Studio 15
VisualStudioVersion = 15.0.28307.539
MinimumVisualStudioVersion = 10.0.40219.1
Project("{FAE04EC0-301F-11D3-BF4B-00C04F79EFBC}") = "praticeApp.Android", "praticeApp\praticeApp.Android\praticeApp.Android.csproj", "{1A43DDCE-6C68-4A96-9A5B-D4618F009680}"
EndProject
Project("{FAE04EC0-301F-11D3-BF4B-00C04F79EFBC}") = "praticeApp.iOS", "praticeApp\praticeApp.iOS\praticeApp.iOS.csproj", "{94F9B5FC-BF72-4364-B136-F046F6602426}"
EndProject
Project("{9A19103F-16F7-4668-BE54-9A1E7A4F7556}") = "praticeApp", "praticeApp\praticeApp\praticeApp.csproj", "{699EEE97-3D17-43EA-A87D-9E79D9086A09}"
EndProject
Project("{FAE04EC0-301F-11D3-BF4B-00C04F79EFBC}") = "praticeAppTests", "praticeAppTests\praticeAppTests.csproj", "{A28D6D3C-5307-4DDD-95AC-D410F3EAFA91}"
EndProject
Global
	GlobalSection(SolutionConfigurationPlatforms) = preSolution
		Ad-Hoc|Any CPU = Ad-Hoc|Any CPU
		Ad-Hoc|iPhone = Ad-Hoc|iPhone
		Ad-Hoc|iPhoneSimulator = Ad-Hoc|iPhoneSimulator
		AppStore|Any CPU = AppStore|Any CPU
		AppStore|iPhone = AppStore|iPhone
		AppStore|iPhoneSimulator = AppStore|iPhoneSimulator
		Debug|Any CPU = Debug|Any CPU
		Debug|iPhone = Debug|iPhone
		Debug|iPhoneSimulator = Debug|iPhoneSimulator
		Release|Any CPU = Release|Any CPU
		Release|iPhone = Release|iPhone
		Release|iPhoneSimulator = Release|iPhoneSimulator
	EndGlobalSection
	GlobalSection(ProjectConfigurationPlatforms) = postSolution
		{1A43DDCE-6C68-4A96-9A5B-D4618F009680}.Ad-Hoc|Any CPU.ActiveCfg = Release|Any CPU
		{1A43DDCE-6C68-4A96-9A5B-D4618F009680}.Ad-Hoc|Any CPU.Build.0 = Release|Any CPU
		{1A43DDCE-6C68-4A96-9A5B-D4618F009680}.Ad-Hoc|Any CPU.Deploy.0 = Release|Any CPU
		{1A43DDCE-6C68-4A96-9A5B-D4618F009680}.Ad-Hoc|iPhone.ActiveCfg = Release|Any CPU
		{1A43DDCE-6C68-4A96-9A5B-D4618F009680}.Ad-Hoc|iPhone.Build.0 = Release|Any CPU
		{1A43DDCE-6C68-4A96-9A5B-D4618F009680}.Ad-Hoc|iPhone.Deploy.0 = Release|Any CPU
		{1A43DDCE-6C68-4A96-9A5B-D4618F009680}.Ad-Hoc|iPhoneSimulator.ActiveCfg = Release|Any CPU
		{1A43DDCE-6C68-4A96-9A5B-D4618F009680}.Ad-Hoc|iPhoneSimulator.Build.0 = Release|Any CPU
		{1A43DDCE-6C68-4A96-9A5B-D4618F009680}.Ad-Hoc|iPhoneSimulator.Deploy.0 = Release|Any CPU
		{1A43DDCE-6C68-4A96-9A5B-D4618F009680}.AppStore|Any CPU.ActiveCfg = Release|Any CPU
		{1A43DDCE-6C68-4A96-9A5B-D4618F009680}.AppStore|Any CPU.Build.0 = Release|Any CPU
		{1A43DDCE-6C68-4A96-9A5B-D4618F009680}.AppStore|Any CPU.Deploy.0 = Release|Any CPU
		{1A43DDCE-6C68-4A96-9A5B-D4618F009680}.AppStore|iPhone.ActiveCfg = Release|Any CPU
		{1A43DDCE-6C68-4A96-9A5B-D4618F009680}.AppStore|iPhone.Build.0 = Release|Any CPU
		{1A43DDCE-6C68-4A96-9A5B-D4618F009680}.AppStore|iPhone.Deploy.0 = Release|Any CPU
		{1A43DDCE-6C68-4A96-9A5B-D4618F009680}.AppStore|iPhoneSimulator.ActiveCfg = Release|Any CPU
		{1A43DDCE-6C68-4A96-9A5B-D4618F009680}.AppStore|iPhoneSimulator.Build.0 = Release|Any CPU
		{1A43DDCE-6C68-4A96-9A5B-D4618F009680}.AppStore|iPhoneSimulator.Deploy.0 = Release|Any CPU
		{1A43DDCE-6C68-4A96-9A5B-D4618F009680}.Debug|Any CPU.ActiveCfg = Debug|Any CPU
		{1A43DDCE-6C68-4A96-9A5B-D4618F009680}.Debug|Any CPU.Build.0 = Debug|Any CPU
		{1A43DDCE-6C68-4A96-9A5B-D4618F009680}.Debug|Any CPU.Deploy.0 = Debug|Any CPU
		{1A43DDCE-6C68-4A96-9A5B-D4618F009680}.Debug|iPhone.ActiveCfg = Debug|Any CPU
		{1A43DDCE-6C68-4A96-9A5B-D4618F009680}.Debug|iPhone.Build.0 = Debug|Any CPU
		{1A43DDCE-6C68-4A96-9A5B-D4618F009680}.Debug|iPhone.Deploy.0 = Debug|Any CPU
		{1A43DDCE-6C68-4A96-9A5B-D4618F009680}.Debug|iPhoneSimulator.ActiveCfg = Debug|Any CPU
		{1A43DDCE-6C68-4A96-9A5B-D4618F009680}.Debug|iPhoneSimulator.Build.0 = Debug|Any CPU
		{1A43DDCE-6C68-4A96-9A5B-D4618F009680}.Debug|iPhoneSimulator.Deploy.0 = Debug|Any CPU
		{1A43DDCE-6C68-4A96-9A5B-D4618F009680}.Release|Any CPU.ActiveCfg = Release|Any CPU
		{1A43DDCE-6C68-4A96-9A5B-D4618F009680}.Release|Any CPU.Build.0 = Release|Any CPU
		{1A43DDCE-6C68-4A96-9A5B-D4618F009680}.Release|Any CPU.Deploy.0 = Release|Any CPU
		{1A43DDCE-6C68-4A96-9A5B-D4618F009680}.Release|iPhone.ActiveCfg = Release|Any CPU
		{1A43DDCE-6C68-4A96-9A5B-D4618F009680}.Release|iPhone.Build.0 = Release|Any CPU
		{1A43DDCE-6C68-4A96-9A5B-D4618F009680}.Release|iPhone.Deploy.0 = Release|Any CPU
		{1A43DDCE-6C68-4A96-9A5B-D4618F009680}.Release|iPhoneSimulator.ActiveCfg = Release|Any CPU
		{1A43DDCE-6C68-4A96-9A5B-D4618F009680}.Release|iPhoneSimulator.Build.0 = Release|Any CPU
		{1A43DDCE-6C68-4A96-9A5B-D4618F009680}.Release|iPhoneSimulator.Deploy.0 = Release|Any CPU
		{94F9B5FC-BF72-4364-B136-F046F6602426}.Ad-Hoc|Any CPU.ActiveCfg = Ad-Hoc|iPhone
		{94F9B5FC-BF72-4364-B136-F046F6602426}.Ad-Hoc|Any CPU.Build.0 = Ad-Hoc|iPhone
		{94F9B5FC-BF72-4364-B136-F046F6602426}.Ad-Hoc|Any CPU.Deploy.0 = Ad-Hoc|iPhone
		{94F9B5FC-BF72-4364-B136-F046F6602426}.Ad-Hoc|iPhone.ActiveCfg = Ad-Hoc|iPhone
		{94F9B5FC-BF72-4364-B136-F046F6602426}.Ad-Hoc|iPhone.Build.0 = Ad-Hoc|iPhone
		{94F9B5FC-BF72-4364-B136-F046F6602426}.Ad-Hoc|iPhone.Deploy.0 = Ad-Hoc|iPhone
		{94F9B5FC-BF72-4364-B136-F046F6602426}.Ad-Hoc|iPhoneSimulator.ActiveCfg = Ad-Hoc|iPhoneSimulator
		{94F9B5FC-BF72-4364-B136-F046F6602426}.Ad-Hoc|iPhoneSimulator.Build.0 = Ad-Hoc|iPhoneSimulator
		{94F9B5FC-BF72-4364-B136-F046F6602426}.Ad-Hoc|iPhoneSimulator.Deploy.0 = Ad-Hoc|iPhoneSimulator
		{94F9B5FC-BF72-4364-B136-F046F6602426}.AppStore|Any CPU.ActiveCfg = AppStore|iPhone
		{94F9B5FC-BF72-4364-B136-F046F6602426}.AppStore|Any CPU.Build.0 = AppStore|iPhone
		{94F9B5FC-BF72-4364-B136-F046F6602426}.AppStore|Any CPU.Deploy.0 = AppStore|iPhone
		{94F9B5FC-BF72-4364-B136-F046F6602426}.AppStore|iPhone.ActiveCfg = AppStore|iPhone
		{94F9B5FC-BF72-4364-B136-F046F6602426}.AppStore|iPhone.Build.0 = AppStore|iPhone
		{94F9B5FC-BF72-4364-B136-F046F6602426}.AppStore|iPhone.Deploy.0 = AppStore|iPhone
		{94F9B5FC-BF72-4364-B136-F046F6602426}.AppStore|iPhoneSimulator.ActiveCfg = AppStore|iPhoneSimulator
		{94F9B5FC-BF72-4364-B136-F046F6602426}.AppStore|iPhoneSimulator.Build.0 = AppStore|iPhoneSimulator
		{94F9B5FC-BF72-4364-B136-F046F6602426}.AppStore|iPhoneSimulator.Deploy.0 = AppStore|iPhoneSimulator
		{94F9B5FC-BF72-4364-B136-F046F6602426}.Debug|Any CPU.ActiveCfg = Debug|iPhoneSimulator
		{94F9B5FC-BF72-4364-B136-F046F6602426}.Debug|Any CPU.Build.0 = Debug|iPhoneSimulator
		{94F9B5FC-BF72-4364-B136-F046F6602426}.Debug|Any CPU.Deploy.0 = Debug|iPhoneSimulator
		{94F9B5FC-BF72-4364-B136-F046F6602426}.Debug|iPhone.ActiveCfg = Debug|iPhone
		{94F9B5FC-BF72-4364-B136-F046F6602426}.Debug|iPhone.Build.0 = Debug|iPhone
		{94F9B5FC-BF72-4364-B136-F046F6602426}.Debug|iPhone.Deploy.0 = Debug|iPhone
		{94F9B5FC-BF72-4364-B136-F046F6602426}.Debug|iPhoneSimulator.ActiveCfg = Debug|iPhoneSimulator
		{94F9B5FC-BF72-4364-B136-F046F6602426}.Debug|iPhoneSimulator.Build.0 = Debug|iPhoneSimulator
		{94F9B5FC-BF72-4364-B136-F046F6602426}.Debug|iPhoneSimulator.Deploy.0 = Debug|iPhoneSimulator
		{94F9B5FC-BF72-4364-B136-F046F6602426}.Release|Any CPU.ActiveCfg = Release|iPhone
		{94F9B5FC-BF72-4364-B136-F046F6602426}.Release|Any CPU.Build.0 = Release|iPhone
		{94F9B5FC-BF72-4364-B136-F046F6602426}.Release|Any CPU.Deploy.0 = Release|iPhone
		{94F9B5FC-BF72-4364-B136-F046F6602426}.Release|iPhone.ActiveCfg = Release|iPhone
		{94F9B5FC-BF72-4364-B136-F046F6602426}.Release|iPhone.Build.0 = Release|iPhone
		{94F9B5FC-BF72-4364-B136-F046F6602426}.Release|iPhone.Deploy.0 = Release|iPhone
		{94F9B5FC-BF72-4364-B136-F046F6602426}.Release|iPhoneSimulator.ActiveCfg = Release|iPhoneSimulator
		{94F9B5FC-BF72-4364-B136-F046F6602426}.Release|iPhoneSimulator.Build.0 = Release|iPhoneSimulator
		{94F9B5FC-BF72-4364-B136-F046F6602426}.Release|iPhoneSimulator.Deploy.0 = Release|iPhoneSimulator
		{699EEE97-3D17-43EA-A87D-9E79D9086A09}.Ad-Hoc|Any CPU.ActiveCfg = Debug|Any CPU
		{699EEE97-3D17-43EA-A87D-9E79D9086A09}.Ad-Hoc|Any CPU.Build.0 = Debug|Any CPU
		{699EEE97-3D17-43EA-A87D-9E79D9086A09}.Ad-Hoc|Any CPU.Deploy.0 = Debug|Any CPU
		{699EEE97-3D17-43EA-A87D-9E79D9086A09}.Ad-Hoc|iPhone.ActiveCfg = Debug|Any CPU
		{699EEE97-3D17-43EA-A87D-9E79D9086A09}.Ad-Hoc|iPhone.Build.0 = Debug|Any CPU
		{699EEE97-3D17-43EA-A87D-9E79D9086A09}.Ad-Hoc|iPhone.Deploy.0 = Debug|Any CPU
		{699EEE97-3D17-43EA-A87D-9E79D9086A09}.Ad-Hoc|iPhoneSimulator.ActiveCfg = Debug|Any CPU
		{699EEE97-3D17-43EA-A87D-9E79D9086A09}.Ad-Hoc|iPhoneSimulator.Build.0 = Debug|Any CPU
		{699EEE97-3D17-43EA-A87D-9E79D9086A09}.Ad-Hoc|iPhoneSimulator.Deploy.0 = Debug|Any CPU
		{699EEE97-3D17-43EA-A87D-9E79D9086A09}.AppStore|Any CPU.ActiveCfg = Debug|Any CPU
		{699EEE97-3D17-43EA-A87D-9E79D9086A09}.AppStore|Any CPU.Build.0 = Debug|Any CPU
		{699EEE97-3D17-43EA-A87D-9E79D9086A09}.AppStore|Any CPU.Deploy.0 = Debug|Any CPU
		{699EEE97-3D17-43EA-A87D-9E79D9086A09}.AppStore|iPhone.ActiveCfg = Debug|Any CPU
		{699EEE97-3D17-43EA-A87D-9E79D9086A09}.AppStore|iPhone.Build.0 = Debug|Any CPU
		{699EEE97-3D17-43EA-A87D-9E79D9086A09}.AppStore|iPhone.Deploy.0 = Debug|Any CPU
		{699EEE97-3D17-43EA-A87D-9E79D9086A09}.AppStore|iPhoneSimulator.ActiveCfg = Debug|Any CPU
		{699EEE97-3D17-43EA-A87D-9E79D9086A09}.AppStore|iPhoneSimulator.Build.0 = Debug|Any CPU
		{699EEE97-3D17-43EA-A87D-9E79D9086A09}.AppStore|iPhoneSimulator.Deploy.0 = Debug|Any CPU
		{699EEE97-3D17-43EA-A87D-9E79D9086A09}.Debug|Any CPU.ActiveCfg = Debug|Any CPU
		{699EEE97-3D17-43EA-A87D-9E79D9086A09}.Debug|Any CPU.Build.0 = Debug|Any CPU
		{699EEE97-3D17-43EA-A87D-9E79D9086A09}.Debug|Any CPU.Deploy.0 = Debug|Any CPU
		{699EEE97-3D17-43EA-A87D-9E79D9086A09}.Debug|iPhone.ActiveCfg = Debug|Any CPU
		{699EEE97-3D17-43EA-A87D-9E79D9086A09}.Debug|iPhone.Build.0 = Debug|Any CPU
		{699EEE97-3D17-43EA-A87D-9E79D9086A09}.Debug|iPhone.Deploy.0 = Debug|Any CPU
		{699EEE97-3D17-43EA-A87D-9E79D9086A09}.Debug|iPhoneSimulator.ActiveCfg = Debug|Any CPU
		{699EEE97-3D17-43EA-A87D-9E79D9086A09}.Debug|iPhoneSimulator.Build.0 = Debug|Any CPU
		{699EEE97-3D17-43EA-A87D-9E79D9086A09}.Debug|iPhoneSimulator.Deploy.0 = Debug|Any CPU
		{699EEE97-3D17-43EA-A87D-9E79D9086A09}.Release|Any CPU.ActiveCfg = Release|Any CPU
		{699EEE97-3D17-43EA-A87D-9E79D9086A09}.Release|Any CPU.Build.0 = Release|Any CPU
		{699EEE97-3D17-43EA-A87D-9E79D9086A09}.Release|Any CPU.Deploy.0 = Release|Any CPU
		{699EEE97-3D17-43EA-A87D-9E79D9086A09}.Release|iPhone.ActiveCfg = Release|Any CPU
		{699EEE97-3D17-43EA-A87D-9E79D9086A09}.Release|iPhone.Build.0 = Release|Any CPU
		{699EEE97-3D17-43EA-A87D-9E79D9086A09}.Release|iPhone.Deploy.0 = Release|Any CPU
		{699EEE97-3D17-43EA-A87D-9E79D9086A09}.Release|iPhoneSimulator.ActiveCfg = Release|Any CPU
		{699EEE97-3D17-43EA-A87D-9E79D9086A09}.Release|iPhoneSimulator.Build.0 = Release|Any CPU
		{699EEE97-3D17-43EA-A87D-9E79D9086A09}.Release|iPhoneSimulator.Deploy.0 = Release|Any CPU
		{A28D6D3C-5307-4DDD-95AC-D410F3EAFA91}.Ad-Hoc|Any CPU.ActiveCfg = Debug|Any CPU
		{A28D6D3C-5307-4DDD-95AC-D410F3EAFA91}.Ad-Hoc|Any CPU.Build.0 = Debug|Any CPU
		{A28D6D3C-5307-4DDD-95AC-D410F3EAFA91}.Ad-Hoc|iPhone.ActiveCfg = Debug|Any CPU
		{A28D6D3C-5307-4DDD-95AC-D410F3EAFA91}.Ad-Hoc|iPhone.Build.0 = Debug|Any CPU
		{A28D6D3C-5307-4DDD-95AC-D410F3EAFA91}.Ad-Hoc|iPhoneSimulator.ActiveCfg = Debug|Any CPU
		{A28D6D3C-5307-4DDD-95AC-D410F3EAFA91}.Ad-Hoc|iPhoneSimulator.Build.0 = Debug|Any CPU
		{A28D6D3C-5307-4DDD-95AC-D410F3EAFA91}.AppStore|Any CPU.ActiveCfg = Debug|Any CPU
		{A28D6D3C-5307-4DDD-95AC-D410F3EAFA91}.AppStore|Any CPU.Build.0 = Debug|Any CPU
		{A28D6D3C-5307-4DDD-95AC-D410F3EAFA91}.AppStore|iPhone.ActiveCfg = Debug|Any CPU
		{A28D6D3C-5307-4DDD-95AC-D410F3EAFA91}.AppStore|iPhone.Build.0 = Debug|Any CPU
		{A28D6D3C-5307-4DDD-95AC-D410F3EAFA91}.AppStore|iPhoneSimulator.ActiveCfg = Debug|Any CPU
		{A28D6D3C-5307-4DDD-95AC-D410F3EAFA91}.AppStore|iPhoneSimulator.Build.0 = Debug|Any CPU
		{A28D6D3C-5307-4DDD-95AC-D410F3EAFA91}.Debug|Any CPU.ActiveCfg = Debug|Any CPU
		{A28D6D3C-5307-4DDD-95AC-D410F3EAFA91}.Debug|Any CPU.Build.0 = Debug|Any CPU
		{A28D6D3C-5307-4DDD-95AC-D410F3EAFA91}.Debug|iPhone.ActiveCfg = Debug|Any CPU
		{A28D6D3C-5307-4DDD-95AC-D410F3EAFA91}.Debug|iPhone.Build.0 = Debug|Any CPU
		{A28D6D3C-5307-4DDD-95AC-D410F3EAFA91}.Debug|iPhoneSimulator.ActiveCfg = Debug|Any CPU
		{A28D6D3C-5307-4DDD-95AC-D410F3EAFA91}.Debug|iPhoneSimulator.Build.0 = Debug|Any CPU
		{A28D6D3C-5307-4DDD-95AC-D410F3EAFA91}.Release|Any CPU.ActiveCfg = Release|Any CPU
		{A28D6D3C-5307-4DDD-95AC-D410F3EAFA91}.Release|Any CPU.Build.0 = Release|Any CPU
		{A28D6D3C-5307-4DDD-95AC-D410F3EAFA91}.Release|iPhone.ActiveCfg = Release|Any CPU
		{A28D6D3C-5307-4DDD-95AC-D410F3EAFA91}.Release|iPhone.Build.0 = Release|Any CPU
		{A28D6D3C-5307-4DDD-95AC-D410F3EAFA91}.Release|iPhoneSimulator.ActiveCfg = Release|Any CPU
		{A28D6D3C-5307-4DDD-95AC-D410F3EAFA91}.Release|iPhoneSimulator.Build.0 = Release|Any CPU
	EndGlobalSection
	GlobalSection(SolutionProperties) = preSolution
		HideSolutionNode = FALSE
	EndGlobalSection
	GlobalSection(ExtensibilityGlobals) = postSolution
		SolutionGuid = {8A8B3652-56D7-4B81-B715-FE19EEE9ADD8}
	EndGlobalSection
EndGlobal
